// !$*UTF8*$!
{
	archiveVersion = 1;
	classes = {
	};
	objectVersion = 46;
	objects = {

/* Begin PBXBuildFile section */
		79D9A6381EB59672006499C4 /* AppDelegate.swift in Sources */ = {isa = PBXBuildFile; fileRef = 79D9A6371EB59672006499C4 /* AppDelegate.swift */; };
		79D9A63A1EB59672006499C4 /* ViewController.swift in Sources */ = {isa = PBXBuildFile; fileRef = 79D9A6391EB59672006499C4 /* ViewController.swift */; };
		79D9A63D1EB59672006499C4 /* Main.storyboard in Resources */ = {isa = PBXBuildFile; fileRef = 79D9A63B1EB59672006499C4 /* Main.storyboard */; };
		79D9A63F1EB59672006499C4 /* Assets.xcassets in Resources */ = {isa = PBXBuildFile; fileRef = 79D9A63E1EB59672006499C4 /* Assets.xcassets */; };
		79D9A6421EB59672006499C4 /* LaunchScreen.storyboard in Resources */ = {isa = PBXBuildFile; fileRef = 79D9A6401EB59672006499C4 /* LaunchScreen.storyboard */; };
/* End PBXBuildFile section */

/* Begin PBXFileReference section */
		79D9A6341EB59672006499C4 /* Journal2017.app */ = {isa = PBXFileReference; explicitFileType = wrapper.application; includeInIndex = 0; path = Journal2017.app; sourceTree = BUILT_PRODUCTS_DIR; };
		79D9A6371EB59672006499C4 /* AppDelegate.swift */ = {isa = PBXFileReference; lastKnownFileType = sourcecode.swift; path = AppDelegate.swift; sourceTree = "<group>"; };
		79D9A6391EB59672006499C4 /* ViewController.swift */ = {isa = PBXFileReference; lastKnownFileType = sourcecode.swift; path = ViewController.swift; sourceTree = "<group>"; };
		79D9A63C1EB59672006499C4 /* Base */ = {isa = PBXFileReference; lastKnownFileType = file.storyboard; name = Base; path = Base.lproj/Main.storyboard; sourceTree = "<group>"; };
		79D9A63E1EB59672006499C4 /* Assets.xcassets */ = {isa = PBXFileReference; lastKnownFileType = folder.assetcatalog; path = Assets.xcassets; sourceTree = "<group>"; };
		79D9A6411EB59672006499C4 /* Base */ = {isa = PBXFileReference; lastKnownFileType = file.storyboard; name = Base; path = Base.lproj/LaunchScreen.storyboard; sourceTree = "<group>"; };
		79D9A6431EB59672006499C4 /* Info.plist */ = {isa = PBXFileReference; lastKnownFileType = text.plist.xml; path = Info.plist; sourceTree = "<group>"; };
/* End PBXFileReference section */

/* Begin PBXFrameworksBuildPhase section */
		79D9A6311EB59672006499C4 /* Frameworks */ = {
			isa = PBXFrameworksBuildPhase;
			buildActionMask = 2147483647;
			files = (
			);
			runOnlyForDeploymentPostprocessing = 0;
		};
/* End PBXFrameworksBuildPhase section */

/* Begin PBXGroup section */
		79D9A62B1EB59672006499C4 = {
			isa = PBXGroup;
			children = (
				79D9A6361EB59672006499C4 /* Journal2017 */,
				79D9A6351EB59672006499C4 /* Products */,
			);
			sourceTree = "<group>";
		};
		79D9A6351EB59672006499C4 /* Products */ = {
			isa = PBXGroup;
			children = (
				79D9A6341EB59672006499C4 /* Journal2017.app */,
			);
			name = Products;
			sourceTree = "<group>";
		};
		79D9A6361EB59672006499C4 /* Journal2017 */ = {
			isa = PBXGroup;
			children = (
				79D9A6371EB59672006499C4 /* AppDelegate.swift */,
				79D9A6391EB59672006499C4 /* ViewController.swift */,
				79D9A63B1EB59672006499C4 /* Main.storyboard */,
				79D9A63E1EB59672006499C4 /* Assets.xcassets */,
				79D9A6401EB59672006499C4 /* LaunchScreen.storyboard */,
				79D9A6431EB59672006499C4 /* Info.plist */,
			);
			path = Journal2017;
			sourceTree = "<group>";
		};
/* End PBXGroup section */

/* Begin PBXNativeTarget section */
		79D9A6331EB59672006499C4 /* Journal2017 */ = {
			isa = PBXNativeTarget;
			buildConfigurationList = 79D9A6461EB59672006499C4 /* Build configuration list for PBXNativeTarget "Journal2017" */;
			buildPhases = (
				79D9A6301EB59672006499C4 /* Sources */,
				79D9A6311EB59672006499C4 /* Frameworks */,
				79D9A6321EB59672006499C4 /* Resources */,
			);
			buildRules = (
			);
			dependencies = (
			);
			name = Journal2017;
			productName = Journal2017;
			productReference = 79D9A6341EB59672006499C4 /* Journal2017.app */;
			productType = "com.apple.product-type.application";
		};
/* End PBXNativeTarget section */

/* Begin PBXProject section */
		79D9A62C1EB59672006499C4 /* Project object */ = {
			isa = PBXProject;
			attributes = {
				LastSwiftUpdateCheck = 0820;
				LastUpgradeCheck = 0820;
				ORGANIZATIONNAME = "Patrick Pahl";
				TargetAttributes = {
					79D9A6331EB59672006499C4 = {
						CreatedOnToolsVersion = 8.2.1;
						DevelopmentTeam = QGUMN7L9G3;
						ProvisioningStyle = Automatic;
					};
				};
			};
			buildConfigurationList = 79D9A62F1EB59672006499C4 /* Build configuration list for PBXProject "Journal2017" */;
			compatibilityVersion = "Xcode 3.2";
			developmentRegion = English;
			hasScannedForEncodings = 0;
			knownRegions = (
				en,
				Base,
			);
			mainGroup = 79D9A62B1EB59672006499C4;
			productRefGroup = 79D9A6351EB59672006499C4 /* Products */;
			projectDirPath = "";
			projectRoot = "";
			targets = (
				79D9A6331EB59672006499C4 /* Journal2017 */,
			);
		};
/* End PBXProject section */

/* Begin PBXResourcesBuildPhase section */
		79D9A6321EB59672006499C4 /* Resources */ = {
			isa = PBXResourcesBuildPhase;
			buildActionMask = 2147483647;
			files = (
				79D9A6421EB59672006499C4 /* LaunchScreen.storyboard in Resources */,
				79D9A63F1EB59672006499C4 /* Assets.xcassets in Resources */,
				79D9A63D1EB59672006499C4 /* Main.storyboard in Resources */,
			);
			runOnlyForDeploymentPostprocessing = 0;
		};
/* End PBXResourcesBuildPhase section */

/* Begin PBXSourcesBuildPhase section */
		79D9A6301EB59672006499C4 /* Sources */ = {
			isa = PBXSourcesBuildPhase;
			buildActionMask = 2147483647;
			files = (
				79D9A63A1EB59672006499C4 /* ViewController.swift in Sources */,
				79D9A6381EB59672006499C4 /* AppDelegate.swift in Sources */,
			);
			runOnlyForDeploymentPostprocessing = 0;
		};
/* End PBXSourcesBuildPhase section */

/* Begin PBXVariantGroup section */
		79D9A63B1EB59672006499C4 /* Main.storyboard */ = {
			isa = PBXVariantGroup;
			children = (
				79D9A63C1EB59672006499C4 /* Base */,
			);
			name = Main.storyboard;
			sourceTree = "<group>";
		};
		79D9A6401EB59672006499C4 /* LaunchScreen.storyboard */ = {
			isa = PBXVariantGroup;
			children = (
				79D9A6411EB59672006499C4 /* Base */,
			);
			name = LaunchScreen.storyboard;
			sourceTree = "<group>";
		};
/* End PBXVariantGroup section */

/* Begin XCBuildConfiguration section */
		79D9A6441EB59672006499C4 /* Debug */ = {
			isa = XCBuildConfiguration;
			buildSettings = {
				ALWAYS_SEARCH_USER_PATHS = NO;
				CLANG_ANALYZER_NONNULL = YES;
				CLANG_CXX_LANGUAGE_STANDARD = "gnu++0x";
				CLANG_CXX_LIBRARY = "libc++";
				CLANG_ENABLE_MODULES = YES;
				CLANG_ENABLE_OBJC_ARC = YES;
				CLANG_WARN_BOOL_CONVERSION = YES;
				CLANG_WARN_CONSTANT_CONVERSION = YES;
				CLANG_WARN_DIRECT_OBJC_ISA_USAGE = YES_ERROR;
				CLANG_WARN_DOCUMENTATION_COMMENTS = YES;
				CLANG_WARN_EMPTY_BODY = YES;
				CLANG_WARN_ENUM_CONVERSION = YES;
				CLANG_WARN_INFINITE_RECURSION = YES;
				CLANG_WARN_INT_CONVERSION = YES;
				CLANG_WARN_OBJC_ROOT_CLASS = YES_ERROR;
				CLANG_WARN_SUSPICIOUS_MOVE = YES;
				CLANG_WARN_UNREACHABLE_CODE = YES;
				CLANG_WARN__DUPLICATE_METHOD_MATCH = YES;
				"CODE_SIGN_IDENTITY[sdk=iphoneos*]" = "iPhone Developer";
				COPY_PHASE_STRIP = NO;
				DEBUG_INFORMATION_FORMAT = dwarf;
				ENABLE_STRICT_OBJC_MSGSEND = YES;
				ENABLE_TESTABILITY = YES;
				GCC_C_LANGUAGE_STANDARD = gnu99;
				GCC_DYNAMIC_NO_PIC = NO;
				GCC_NO_COMMON_BLOCKS = YES;
				GCC_OPTIMIZATION_LEVEL = 0;
				GCC_PREPROCESSOR_DEFINITIONS = (
					"DEBUG=1",
					"$(inherited)",
				);
				GCC_WARN_64_TO_32_BIT_CONVERSION = YES;
				GCC_WARN_ABOUT_RETURN_TYPE = YES_ERROR;
				GCC_WARN_UNDECLARED_SELECTOR = YES;
				GCC_WARN_UNINITIALIZED_AUTOS = YES_AGGRESSIVE;
				GCC_WARN_UNUSED_FUNCTION = YES;
				GCC_WARN_UNUSED_VARIABLE = YES;
				IPHONEOS_DEPLOYMENT_TARGET = 10.2;
				MTL_ENABLE_DEBUG_INFO = YES;
				ONLY_ACTIVE_ARCH = YES;
				SDKROOT = iphoneos;
				SWIFT_ACTIVE_COMPILATION_CONDITIONS = DEBUG;
				SWIFT_OPTIMIZATION_LEVEL = "-Onone";
				TARGETED_DEVICE_FAMILY = "1,2";
			};
			name = Debug;
		};
		79D9A6451EB59672006499C4 /* Release */ = {
			isa = XCBuildConfiguration;
			buildSettings = {
				ALWAYS_SEARCH_USER_PATHS = NO;
				CLANG_ANALYZER_NONNULL = YES;
				CLANG_CXX_LANGUAGE_STANDARD = "gnu++0x";
				CLANG_CXX_LIBRARY = "libc++";
				CLANG_ENABLE_MODULES = YES;
				CLANG_ENABLE_OBJC_ARC = YES;
				CLANG_WARN_BOOL_CONVERSION = YES;
				CLANG_WARN_CONSTANT_CONVERSION = YES;
				CLANG_WARN_DIRECT_OBJC_ISA_USAGE = YES_ERROR;
				CLANG_WARN_DOCUMENTATION_COMMENTS = YES;
				CLANG_WARN_EMPTY_BODY = YES;
				CLANG_WARN_ENUM_CONVERSION = YES;
				CLANG_WARN_INFINITE_RECURSION = YES;
				CLANG_WARN_INT_CONVERSION = YES;
				CLANG_WARN_OBJC_ROOT_CLASS = YES_ERROR;
				CLANG_WARN_SUSPICIOUS_MOVE = YES;
				CLANG_WARN_UNREACHABLE_CODE = YES;
				CLANG_WARN__DUPLICATE_METHOD_MATCH = YES;
				"CODE_SIGN_IDENTITY[sdk=iphoneos*]" = "iPhone Developer";
				COPY_PHASE_STRIP = NO;
				DEBUG_INFORMATION_FORMAT = "dwarf-with-dsym";
				ENABLE_NS_ASSERTIONS = NO;
				ENABLE_STRICT_OBJC_MSGSEND = YES;
				GCC_C_LANGUAGE_STANDARD = gnu99;
				GCC_NO_COMMON_BLOCKS = YES;
				GCC_WARN_64_TO_32_BIT_CONVERSION = YES;
				GCC_WARN_ABOUT_RETURN_TYPE = YES_ERROR;
				GCC_WARN_UNDECLARED_SELECTOR = YES;
				GCC_WARN_UNINITIALIZED_AUTOS = YES_AGGRESSIVE;
				GCC_WARN_UNUSED_FUNCTION = YES;
				GCC_WARN_UNUSED_VARIABLE = YES;
				IPHONEOS_DEPLOYMENT_TARGET = 10.2;
				MTL_ENABLE_DEBUG_INFO = NO;
				SDKROOT = iphoneos;
				SWIFT_OPTIMIZATION_LEVEL = "-Owholemodule";
				TARGETED_DEVICE_FAMILY = "1,2";
				VALIDATE_PRODUCT = YES;
			};
			name = Release;
		};
		79D9A6471EB59672006499C4 /* Debug */ = {
			isa = XCBuildConfiguration;
			buildSettings = {
				ASSETCATALOG_COMPILER_APPICON_NAME = AppIcon;
				DEVELOPMENT_TEAM = QGUMN7L9G3;
				INFOPLIST_FILE = Journal2017/Info.plist;
				LD_RUNPATH_SEARCH_PATHS = "$(inherited) @executable_path/Frameworks";
				PRODUCT_BUNDLE_IDENTIFIER = "Patrick-Pahl.Journal2017";
				PRODUCT_NAME = "$(TARGET_NAME)";
				SWIFT_VERSION = 3.0;
			};
			name = Debug;
		};
		79D9A6481EB59672006499C4 /* Release */ = {
			isa = XCBuildConfiguration;
			buildSettings = {
				ASSETCATALOG_COMPILER_APPICON_NAME = AppIcon;
				DEVELOPMENT_TEAM = QGUMN7L9G3;
				INFOPLIST_FILE = Journal2017/Info.plist;
				LD_RUNPATH_SEARCH_PATHS = "$(inherited) @executable_path/Frameworks";
				PRODUCT_BUNDLE_IDENTIFIER = "Patrick-Pahl.Journal2017";
				PRODUCT_NAME = "$(TARGET_NAME)";
				SWIFT_VERSION = 3.0;
			};
			name = Release;
		};
/* End XCBuildConfiguration section */

/* Begin XCConfigurationList section */
		79D9A62F1EB59672006499C4 /* Build configuration list for PBXProject "Journal2017" */ = {
			isa = XCConfigurationList;
			buildConfigurations = (
				79D9A6441EB59672006499C4 /* Debug */,
				79D9A6451EB59672006499C4 /* Release */,
			);
			defaultConfigurationIsVisible = 0;
			defaultConfigurationName = Release;
		};
		79D9A6461EB59672006499C4 /* Build configuration list for PBXNativeTarget "Journal2017" */ = {
			isa = XCConfigurationList;
			buildConfigurations = (
				79D9A6471EB59672006499C4 /* Debug */,
				79D9A6481EB59672006499C4 /* Release */,
			);
			defaultConfigurationIsVisible = 0;
		};
/* End XCConfigurationList section */
	};
	rootObject = 79D9A62C1EB59672006499C4 /* Project object */;
}
